
Microsoft Visual Studio Solution File, Format Version 12.00
# Visual Studio Version 17
VisualStudioVersion = 17.4.33205.214
MinimumVisualStudioVersion = 10.0.40219.1
Project("{9A19103F-16F7-4668-BE54-9A1E7A4F7556}") = "Shovel.WebAPI", "Shovel.WebAPI.csproj", "{46FEC996-7E61-4743-A663-40465CF48947}"
EndProject
Project("{FAE04EC0-301F-11D3-BF4B-00C04F79EFBC}") = "Shovel.WebAPI.DataAccess", "Shovel.WebAPI.DataAccess\Shovel.WebAPI.DataAccess.csproj", "{6DE5A5A4-C8EF-4133-9887-B303CE5D96FD}"
EndProject
Project("{FAE04EC0-301F-11D3-BF4B-00C04F79EFBC}") = "Shovel.WebAPI.Services", "Shovel.WebAPI.Services\Shovel.WebAPI.Services.csproj", "{3F31A766-97E2-483F-BEED-0C60CF9A8245}"
EndProject
Project("{FAE04EC0-301F-11D3-BF4B-00C04F79EFBC}") = "Shovel.WebAPI.Abstractions", "Shovel.WebAPI.Abstractions\Shovel.WebAPI.Abstractions.csproj", "{05A9686E-1B8E-454E-988B-9F37688E4528}"
EndProject
Global
	GlobalSection(SolutionConfigurationPlatforms) = preSolution
		Debug|Any CPU = Debug|Any CPU
		Release|Any CPU = Release|Any CPU
	EndGlobalSection
	GlobalSection(ProjectConfigurationPlatforms) = postSolution
		{46FEC996-7E61-4743-A663-40465CF48947}.Debug|Any CPU.ActiveCfg = Debug|Any CPU
		{46FEC996-7E61-4743-A663-40465CF48947}.Debug|Any CPU.Build.0 = Debug|Any CPU
		{46FEC996-7E61-4743-A663-40465CF48947}.Release|Any CPU.ActiveCfg = Release|Any CPU
		{46FEC996-7E61-4743-A663-40465CF48947}.Release|Any CPU.Build.0 = Release|Any CPU
		{6DE5A5A4-C8EF-4133-9887-B303CE5D96FD}.Debug|Any CPU.ActiveCfg = Debug|Any CPU
		{6DE5A5A4-C8EF-4133-9887-B303CE5D96FD}.Debug|Any CPU.Build.0 = Debug|Any CPU
		{6DE5A5A4-C8EF-4133-9887-B303CE5D96FD}.Release|Any CPU.ActiveCfg = Release|Any CPU
		{6DE5A5A4-C8EF-4133-9887-B303CE5D96FD}.Release|Any CPU.Build.0 = Release|Any CPU
		{3F31A766-97E2-483F-BEED-0C60CF9A8245}.Debug|Any CPU.ActiveCfg = Debug|Any CPU
		{3F31A766-97E2-483F-BEED-0C60CF9A8245}.Debug|Any CPU.Build.0 = Debug|Any CPU
		{3F31A766-97E2-483F-BEED-0C60CF9A8245}.Release|Any CPU.ActiveCfg = Release|Any CPU
		{3F31A766-97E2-483F-BEED-0C60CF9A8245}.Release|Any CPU.Build.0 = Release|Any CPU
		{05A9686E-1B8E-454E-988B-9F37688E4528}.Debug|Any CPU.ActiveCfg = Debug|Any CPU
		{05A9686E-1B8E-454E-988B-9F37688E4528}.Debug|Any CPU.Build.0 = Debug|Any CPU
		{05A9686E-1B8E-454E-988B-9F37688E4528}.Release|Any CPU.ActiveCfg = Release|Any CPU
		{05A9686E-1B8E-454E-988B-9F37688E4528}.Release|Any CPU.Build.0 = Release|Any CPU
	EndGlobalSection
	GlobalSection(SolutionProperties) = preSolution
		HideSolutionNode = FALSE
	EndGlobalSection
	GlobalSection(ExtensibilityGlobals) = postSolution
		SolutionGuid = {48A688E9-5F0F-476F-A76E-ADD7DD18D80B}
	EndGlobalSection
EndGlobal
